dependencies:
- name: postgresql
  repository: oci://registry-1.docker.io/bitnamicharts
  version: 16.3.2
- name: mariadb
  repository: oci://registry-1.docker.io/bitnamicharts
  version: 18.2.0
- name: redis
  repository: oci://registry-1.docker.io/bitnamicharts
  version: 20.6.0
- name: collabora-online
  repository: https://collaboraonline.github.io/online
  version: 1.1.20
digest: sha256:2419678c37e06c382b9f5b301d805fb500f67a240229f8922f38857de406a9f0
generated: "2024-12-19T23:22:40.30530857+01:00"
